
Microsoft Visual Studio Solution File, Format Version 12.00
# Visual Studio Version 17
VisualStudioVersion = 17.13.35818.85 d17.13
MinimumVisualStudioVersion = 10.0.40219.1
Project("{FAE04EC0-301F-11D3-BF4B-00C04F79EFBC}") = "modul5_103022300097", "modul5_103022300097\modul5_103022300097.csproj", "{45EBB6A3-B542-48E9-8CB1-7C7485DCCBAD}"
EndProject
Global
	GlobalSection(SolutionConfigurationPlatforms) = preSolution
		Debug|Any CPU = Debug|Any CPU
		Release|Any CPU = Release|Any CPU
	EndGlobalSection
	GlobalSection(ProjectConfigurationPlatforms) = postSolution
		{45EBB6A3-B542-48E9-8CB1-7C7485DCCBAD}.Debug|Any CPU.ActiveCfg = Debug|Any CPU
		{45EBB6A3-B542-48E9-8CB1-7C7485DCCBAD}.Debug|Any CPU.Build.0 = Debug|Any CPU
		{45EBB6A3-B542-48E9-8CB1-7C7485DCCBAD}.Release|Any CPU.ActiveCfg = Release|Any CPU
		{45EBB6A3-B542-48E9-8CB1-7C7485DCCBAD}.Release|Any CPU.Build.0 = Release|Any CPU
	EndGlobalSection
	GlobalSection(SolutionProperties) = preSolution
		HideSolutionNode = FALSE
	EndGlobalSection
	GlobalSection(ExtensibilityGlobals) = postSolution
		SolutionGuid = {795108F5-D684-485E-BBB6-A2EFC8F3DAF9}
	EndGlobalSection
EndGlobal
